{
  "object": {
    "pins": [
      {
        "package": "ActionSheetCard",
        "repositoryURL": "https://github.com/mahmudahsan/SwiftUI-Action-Sheet-Card",
        "state": {
          "branch": null,
          "revision": "23b23b9c33bb54256183a72171064a4d4aeb1dc6",
          "version": "0.1.0"
        }
      }
    ]
  },
  "version": 1
}
