// !$*UTF8*$!
{
	archiveVersion = 1;
	classes = {
	};
	objectVersion = 50;
	objects = {

/* Begin PBXBuildFile section */
		514E87C725E22C370019BDE9 /* Tests_iOS.swift in Sources */ = {isa = PBXBuildFile; fileRef = 514E87C625E22C370019BDE9 /* Tests_iOS.swift */; };
		514E87D225E22C370019BDE9 /* Tests_macOS.swift in Sources */ = {isa = PBXBuildFile; fileRef = 514E87D125E22C370019BDE9 /* Tests_macOS.swift */; };
		514E87D425E22C370019BDE9 /* DemoApp.swift in Sources */ = {isa = PBXBuildFile; fileRef = 514E87AB25E22C350019BDE9 /* DemoApp.swift */; };
		514E87D525E22C370019BDE9 /* DemoApp.swift in Sources */ = {isa = PBXBuildFile; fileRef = 514E87AB25E22C350019BDE9 /* DemoApp.swift */; };
		514E87D625E22C370019BDE9 /* ContentView.swift in Sources */ = {isa = PBXBuildFile; fileRef = 514E87AC25E22C350019BDE9 /* ContentView.swift */; };
		514E87D725E22C370019BDE9 /* ContentView.swift in Sources */ = {isa = PBXBuildFile; fileRef = 514E87AC25E22C350019BDE9 /* ContentView.swift */; };
		514E87D825E22C370019BDE9 /* Assets.xcassets in Resources */ = {isa = PBXBuildFile; fileRef = 514E87AD25E22C370019BDE9 /* Assets.xcassets */; };
		514E87D925E22C370019BDE9 /* Assets.xcassets in Resources */ = {isa = PBXBuildFile; fileRef = 514E87AD25E22C370019BDE9 /* Assets.xcassets */; };
		5154DBB025E2346E0068C6E0 /* GreyOutOfFocusView.swift in Sources */ = {isa = PBXBuildFile; fileRef = 5154DBA625E2346E0068C6E0 /* GreyOutOfFocusView.swift */; };
		5154DBB125E2346E0068C6E0 /* .gitignore in Resources */ = {isa = PBXBuildFile; fileRef = 5154DBA725E2346E0068C6E0 /* .gitignore */; };
		5154DBB225E2346E0068C6E0 /* ActionSheetCard.swift in Sources */ = {isa = PBXBuildFile; fileRef = 5154DBA825E2346E0068C6E0 /* ActionSheetCard.swift */; };
		5154DBB325E2346E0068C6E0 /* package.xcworkspace in Resources */ = {isa = PBXBuildFile; fileRef = 5154DBAB25E2346E0068C6E0 /* package.xcworkspace */; };
		5154DBB425E2346E0068C6E0 /* xcschememanagement.plist in Resources */ = {isa = PBXBuildFile; fileRef = 5154DBAF25E2346E0068C6E0 /* xcschememanagement.plist */; };
		5154DBCA25E2365D0068C6E0 /* ActionSheetCardItem.swift in Sources */ = {isa = PBXBuildFile; fileRef = 5154DBC925E2365D0068C6E0 /* ActionSheetCardItem.swift */; };
/* End PBXBuildFile section */

/* Begin PBXContainerItemProxy section */
		514E87C325E22C370019BDE9 /* PBXContainerItemProxy */ = {
			isa = PBXContainerItemProxy;
			containerPortal = 514E87A625E22C340019BDE9 /* Project object */;
			proxyType = 1;
			remoteGlobalIDString = 514E87B125E22C370019BDE9;
			remoteInfo = "Demo (iOS)";
		};
		514E87CE25E22C370019BDE9 /* PBXContainerItemProxy */ = {
			isa = PBXContainerItemProxy;
			containerPortal = 514E87A625E22C340019BDE9 /* Project object */;
			proxyType = 1;
			remoteGlobalIDString = 514E87B925E22C370019BDE9;
			remoteInfo = "Demo (macOS)";
		};
/* End PBXContainerItemProxy section */

/* Begin PBXFileReference section */
		514E87AB25E22C350019BDE9 /* DemoApp.swift */ = {isa = PBXFileReference; lastKnownFileType = sourcecode.swift; path = DemoApp.swift; sourceTree = "<group>"; };
		514E87AC25E22C350019BDE9 /* ContentView.swift */ = {isa = PBXFileReference; lastKnownFileType = sourcecode.swift; path = ContentView.swift; sourceTree = "<group>"; };
		514E87AD25E22C370019BDE9 /* Assets.xcassets */ = {isa = PBXFileReference; lastKnownFileType = folder.assetcatalog; path = Assets.xcassets; sourceTree = "<group>"; };
		514E87B225E22C370019BDE9 /* Demo.app */ = {isa = PBXFileReference; explicitFileType = wrapper.application; includeInIndex = 0; path = Demo.app; sourceTree = BUILT_PRODUCTS_DIR; };
		514E87B525E22C370019BDE9 /* Info.plist */ = {isa = PBXFileReference; lastKnownFileType = text.plist.xml; path = Info.plist; sourceTree = "<group>"; };
		514E87BA25E22C370019BDE9 /* Demo.app */ = {isa = PBXFileReference; explicitFileType = wrapper.application; includeInIndex = 0; path = Demo.app; sourceTree = BUILT_PRODUCTS_DIR; };
		514E87BC25E22C370019BDE9 /* Info.plist */ = {isa = PBXFileReference; lastKnownFileType = text.plist.xml; path = Info.plist; sourceTree = "<group>"; };
		514E87BD25E22C370019BDE9 /* macOS.entitlements */ = {isa = PBXFileReference; lastKnownFileType = text.plist.entitlements; path = macOS.entitlements; sourceTree = "<group>"; };
		514E87C225E22C370019BDE9 /* Tests iOS.xctest */ = {isa = PBXFileReference; explicitFileType = wrapper.cfbundle; includeInIndex = 0; path = "Tests iOS.xctest"; sourceTree = BUILT_PRODUCTS_DIR; };
		514E87C625E22C370019BDE9 /* Tests_iOS.swift */ = {isa = PBXFileReference; lastKnownFileType = sourcecode.swift; path = Tests_iOS.swift; sourceTree = "<group>"; };
		514E87C825E22C370019BDE9 /* Info.plist */ = {isa = PBXFileReference; lastKnownFileType = text.plist.xml; path = Info.plist; sourceTree = "<group>"; };
		514E87CD25E22C370019BDE9 /* Tests macOS.xctest */ = {isa = PBXFileReference; explicitFileType = wrapper.cfbundle; includeInIndex = 0; path = "Tests macOS.xctest"; sourceTree = BUILT_PRODUCTS_DIR; };
		514E87D125E22C370019BDE9 /* Tests_macOS.swift */ = {isa = PBXFileReference; lastKnownFileType = sourcecode.swift; path = Tests_macOS.swift; sourceTree = "<group>"; };
		514E87D325E22C370019BDE9 /* Info.plist */ = {isa = PBXFileReference; lastKnownFileType = text.plist.xml; path = Info.plist; sourceTree = "<group>"; };
		5154DBA625E2346E0068C6E0 /* GreyOutOfFocusView.swift */ = {isa = PBXFileReference; fileEncoding = 4; lastKnownFileType = sourcecode.swift; path = GreyOutOfFocusView.swift; sourceTree = "<group>"; };
		5154DBA725E2346E0068C6E0 /* .gitignore */ = {isa = PBXFileReference; fileEncoding = 4; lastKnownFileType = text; path = .gitignore; sourceTree = "<group>"; };
		5154DBA825E2346E0068C6E0 /* ActionSheetCard.swift */ = {isa = PBXFileReference; fileEncoding = 4; lastKnownFileType = sourcecode.swift; path = ActionSheetCard.swift; sourceTree = "<group>"; };
		5154DBAB25E2346E0068C6E0 /* package.xcworkspace */ = {isa = PBXFileReference; lastKnownFileType = wrapper.workspace; path = package.xcworkspace; sourceTree = "<group>"; };
		5154DBAF25E2346E0068C6E0 /* xcschememanagement.plist */ = {isa = PBXFileReference; fileEncoding = 4; lastKnownFileType = text.plist.xml; path = xcschememanagement.plist; sourceTree = "<group>"; };
		5154DBC925E2365D0068C6E0 /* ActionSheetCardItem.swift */ = {isa = PBXFileReference; lastKnownFileType = sourcecode.swift; path = ActionSheetCardItem.swift; sourceTree = "<group>"; };
/* End PBXFileReference section */

/* Begin PBXFrameworksBuildPhase section */
		514E87AF25E22C370019BDE9 /* Frameworks */ = {
			isa = PBXFrameworksBuildPhase;
			buildActionMask = 2147483647;
			files = (
			);
			runOnlyForDeploymentPostprocessing = 0;
		};
		514E87B725E22C370019BDE9 /* Frameworks */ = {
			isa = PBXFrameworksBuildPhase;
			buildActionMask = 2147483647;
			files = (
			);
			runOnlyForDeploymentPostprocessing = 0;
		};
		514E87BF25E22C370019BDE9 /* Frameworks */ = {
			isa = PBXFrameworksBuildPhase;
			buildActionMask = 2147483647;
			files = (
			);
			runOnlyForDeploymentPostprocessing = 0;
		};
		514E87CA25E22C370019BDE9 /* Frameworks */ = {
			isa = PBXFrameworksBuildPhase;
			buildActionMask = 2147483647;
			files = (
			);
			runOnlyForDeploymentPostprocessing = 0;
		};
/* End PBXFrameworksBuildPhase section */

/* Begin PBXGroup section */
		514E87A525E22C340019BDE9 = {
			isa = PBXGroup;
			children = (
				5154DBA525E2346E0068C6E0 /* Sources */,
				514E87AA25E22C350019BDE9 /* Shared */,
				514E87B425E22C370019BDE9 /* iOS */,
				514E87BB25E22C370019BDE9 /* macOS */,
				514E87C525E22C370019BDE9 /* Tests iOS */,
				514E87D025E22C370019BDE9 /* Tests macOS */,
				514E87B325E22C370019BDE9 /* Products */,
			);
			sourceTree = "<group>";
		};
		514E87AA25E22C350019BDE9 /* Shared */ = {
			isa = PBXGroup;
			children = (
				514E87AB25E22C350019BDE9 /* DemoApp.swift */,
				514E87AC25E22C350019BDE9 /* ContentView.swift */,
				514E87AD25E22C370019BDE9 /* Assets.xcassets */,
			);
			path = Shared;
			sourceTree = "<group>";
		};
		514E87B325E22C370019BDE9 /* Products */ = {
			isa = PBXGroup;
			children = (
				514E87B225E22C370019BDE9 /* Demo.app */,
				514E87BA25E22C370019BDE9 /* Demo.app */,
				514E87C225E22C370019BDE9 /* Tests iOS.xctest */,
				514E87CD25E22C370019BDE9 /* Tests macOS.xctest */,
			);
			name = Products;
			sourceTree = "<group>";
		};
		514E87B425E22C370019BDE9 /* iOS */ = {
			isa = PBXGroup;
			children = (
				514E87B525E22C370019BDE9 /* Info.plist */,
			);
			path = iOS;
			sourceTree = "<group>";
		};
		514E87BB25E22C370019BDE9 /* macOS */ = {
			isa = PBXGroup;
			children = (
				514E87BC25E22C370019BDE9 /* Info.plist */,
				514E87BD25E22C370019BDE9 /* macOS.entitlements */,
			);
			path = macOS;
			sourceTree = "<group>";
		};
		514E87C525E22C370019BDE9 /* Tests iOS */ = {
			isa = PBXGroup;
			children = (
				514E87C625E22C370019BDE9 /* Tests_iOS.swift */,
				514E87C825E22C370019BDE9 /* Info.plist */,
			);
			path = "Tests iOS";
			sourceTree = "<group>";
		};
		514E87D025E22C370019BDE9 /* Tests macOS */ = {
			isa = PBXGroup;
			children = (
				514E87D125E22C370019BDE9 /* Tests_macOS.swift */,
				514E87D325E22C370019BDE9 /* Info.plist */,
			);
			path = "Tests macOS";
			sourceTree = "<group>";
		};
		5154DBA525E2346E0068C6E0 /* Sources */ = {
			isa = PBXGroup;
			children = (
				5154DBA825E2346E0068C6E0 /* ActionSheetCard.swift */,
				5154DBC925E2365D0068C6E0 /* ActionSheetCardItem.swift */,
				5154DBA625E2346E0068C6E0 /* GreyOutOfFocusView.swift */,
				5154DBA725E2346E0068C6E0 /* .gitignore */,
				5154DBA925E2346E0068C6E0 /* .swiftpm */,
			);
			name = Sources;
			path = ../Sources;
			sourceTree = "<group>";
		};
		5154DBA925E2346E0068C6E0 /* .swiftpm */ = {
			isa = PBXGroup;
			children = (
				5154DBAA25E2346E0068C6E0 /* xcode */,
			);
			path = .swiftpm;
			sourceTree = "<group>";
		};
		5154DBAA25E2346E0068C6E0 /* xcode */ = {
			isa = PBXGroup;
			children = (
				5154DBAB25E2346E0068C6E0 /* package.xcworkspace */,
				5154DBAC25E2346E0068C6E0 /* xcuserdata */,
			);
			path = xcode;
			sourceTree = "<group>";
		};
		5154DBAC25E2346E0068C6E0 /* xcuserdata */ = {
			isa = PBXGroup;
			children = (
				5154DBAD25E2346E0068C6E0 /* mahmud.xcuserdatad */,
			);
			path = xcuserdata;
			sourceTree = "<group>";
		};
		5154DBAD25E2346E0068C6E0 /* mahmud.xcuserdatad */ = {
			isa = PBXGroup;
			children = (
				5154DBAE25E2346E0068C6E0 /* xcschemes */,
			);
			path = mahmud.xcuserdatad;
			sourceTree = "<group>";
		};
		5154DBAE25E2346E0068C6E0 /* xcschemes */ = {
			isa = PBXGroup;
			children = (
				5154DBAF25E2346E0068C6E0 /* xcschememanagement.plist */,
			);
			path = xcschemes;
			sourceTree = "<group>";
		};
/* End PBXGroup section */

/* Begin PBXNativeTarget section */
		514E87B125E22C370019BDE9 /* Demo (iOS) */ = {
			isa = PBXNativeTarget;
			buildConfigurationList = 514E87DC25E22C370019BDE9 /* Build configuration list for PBXNativeTarget "Demo (iOS)" */;
			buildPhases = (
				514E87AE25E22C370019BDE9 /* Sources */,
				514E87AF25E22C370019BDE9 /* Frameworks */,
				514E87B025E22C370019BDE9 /* Resources */,
			);
			buildRules = (
			);
			dependencies = (
			);
			name = "Demo (iOS)";
			packageProductDependencies = (
			);
			productName = "Demo (iOS)";
			productReference = 514E87B225E22C370019BDE9 /* Demo.app */;
			productType = "com.apple.product-type.application";
		};
		514E87B925E22C370019BDE9 /* Demo (macOS) */ = {
			isa = PBXNativeTarget;
			buildConfigurationList = 514E87DF25E22C370019BDE9 /* Build configuration list for PBXNativeTarget "Demo (macOS)" */;
			buildPhases = (
				514E87B625E22C370019BDE9 /* Sources */,
				514E87B725E22C370019BDE9 /* Frameworks */,
				514E87B825E22C370019BDE9 /* Resources */,
			);
			buildRules = (
			);
			dependencies = (
			);
			name = "Demo (macOS)";
			productName = "Demo (macOS)";
			productReference = 514E87BA25E22C370019BDE9 /* Demo.app */;
			productType = "com.apple.product-type.application";
		};
		514E87C125E22C370019BDE9 /* Tests iOS */ = {
			isa = PBXNativeTarget;
			buildConfigurationList = 514E87E225E22C370019BDE9 /* Build configuration list for PBXNativeTarget "Tests iOS" */;
			buildPhases = (
				514E87BE25E22C370019BDE9 /* Sources */,
				514E87BF25E22C370019BDE9 /* Frameworks */,
				514E87C025E22C370019BDE9 /* Resources */,
			);
			buildRules = (
			);
			dependencies = (
				514E87C425E22C370019BDE9 /* PBXTargetDependency */,
			);
			name = "Tests iOS";
			productName = "Tests iOS";
			productReference = 514E87C225E22C370019BDE9 /* Tests iOS.xctest */;
			productType = "com.apple.product-type.bundle.ui-testing";
		};
		514E87CC25E22C370019BDE9 /* Tests macOS */ = {
			isa = PBXNativeTarget;
			buildConfigurationList = 514E87E525E22C370019BDE9 /* Build configuration list for PBXNativeTarget "Tests macOS" */;
			buildPhases = (
				514E87C925E22C370019BDE9 /* Sources */,
				514E87CA25E22C370019BDE9 /* Frameworks */,
				514E87CB25E22C370019BDE9 /* Resources */,
			);
			buildRules = (
			);
			dependencies = (
				514E87CF25E22C370019BDE9 /* PBXTargetDependency */,
			);
			name = "Tests macOS";
			productName = "Tests macOS";
			productReference = 514E87CD25E22C370019BDE9 /* Tests macOS.xctest */;
			productType = "com.apple.product-type.bundle.ui-testing";
		};
/* End PBXNativeTarget section */

/* Begin PBXProject section */
		514E87A625E22C340019BDE9 /* Project object */ = {
			isa = PBXProject;
			attributes = {
				LastSwiftUpdateCheck = 1240;
				LastUpgradeCheck = 1240;
				TargetAttributes = {
					514E87B125E22C370019BDE9 = {
						CreatedOnToolsVersion = 12.4;
					};
					514E87B925E22C370019BDE9 = {
						CreatedOnToolsVersion = 12.4;
					};
					514E87C125E22C370019BDE9 = {
						CreatedOnToolsVersion = 12.4;
						TestTargetID = 514E87B125E22C370019BDE9;
					};
					514E87CC25E22C370019BDE9 = {
						CreatedOnToolsVersion = 12.4;
						TestTargetID = 514E87B925E22C370019BDE9;
					};
				};
			};
			buildConfigurationList = 514E87A925E22C340019BDE9 /* Build configuration list for PBXProject "Demo" */;
			compatibilityVersion = "Xcode 9.3";
			developmentRegion = en;
			hasScannedForEncodings = 0;
			knownRegions = (
				en,
				Base,
			);
			mainGroup = 514E87A525E22C340019BDE9;
			packageReferences = (
			);
			productRefGroup = 514E87B325E22C370019BDE9 /* Products */;
			projectDirPath = "";
			projectRoot = "";
			targets = (
				514E87B125E22C370019BDE9 /* Demo (iOS) */,
				514E87B925E22C370019BDE9 /* Demo (macOS) */,
				514E87C125E22C370019BDE9 /* Tests iOS */,
				514E87CC25E22C370019BDE9 /* Tests macOS */,
			);
		};
/* End PBXProject section */

/* Begin PBXResourcesBuildPhase section */
		514E87B025E22C370019BDE9 /* Resources */ = {
			isa = PBXResourcesBuildPhase;
			buildActionMask = 2147483647;
			files = (
				5154DBB325E2346E0068C6E0 /* package.xcworkspace in Resources */,
				5154DBB125E2346E0068C6E0 /* .gitignore in Resources */,
				514E87D825E22C370019BDE9 /* Assets.xcassets in Resources */,
				5154DBB425E2346E0068C6E0 /* xcschememanagement.plist in Resources */,
			);
			runOnlyForDeploymentPostprocessing = 0;
		};
		514E87B825E22C370019BDE9 /* Resources */ = {
			isa = PBXResourcesBuildPhase;
			buildActionMask = 2147483647;
			files = (
				514E87D925E22C370019BDE9 /* Assets.xcassets in Resources */,
			);
			runOnlyForDeploymentPostprocessing = 0;
		};
		514E87C025E22C370019BDE9 /* Resources */ = {
			isa = PBXResourcesBuildPhase;
			buildActionMask = 2147483647;
			files = (
			);
			runOnlyForDeploymentPostprocessing = 0;
		};
		514E87CB25E22C370019BDE9 /* Resources */ = {
			isa = PBXResourcesBuildPhase;
			buildActionMask = 2147483647;
			files = (
			);
			runOnlyForDeploymentPostprocessing = 0;
		};
/* End PBXResourcesBuildPhase section */

/* Begin PBXSourcesBuildPhase section */
		514E87AE25E22C370019BDE9 /* Sources */ = {
			isa = PBXSourcesBuildPhase;
			buildActionMask = 2147483647;
			files = (
				5154DBCA25E2365D0068C6E0 /* ActionSheetCardItem.swift in Sources */,
				514E87D625E22C370019BDE9 /* ContentView.swift in Sources */,
				5154DBB225E2346E0068C6E0 /* ActionSheetCard.swift in Sources */,
				5154DBB025E2346E0068C6E0 /* GreyOutOfFocusView.swift in Sources */,
				514E87D425E22C370019BDE9 /* DemoApp.swift in Sources */,
			);
			runOnlyForDeploymentPostprocessing = 0;
		};
		514E87B625E22C370019BDE9 /* Sources */ = {
			isa = PBXSourcesBuildPhase;
			buildActionMask = 2147483647;
			files = (
				514E87D725E22C370019BDE9 /* ContentView.swift in Sources */,
				514E87D525E22C370019BDE9 /* DemoApp.swift in Sources */,
			);
			runOnlyForDeploymentPostprocessing = 0;
		};
		514E87BE25E22C370019BDE9 /* Sources */ = {
			isa = PBXSourcesBuildPhase;
			buildActionMask = 2147483647;
			files = (
				514E87C725E22C370019BDE9 /* Tests_iOS.swift in Sources */,
			);
			runOnlyForDeploymentPostprocessing = 0;
		};
		514E87C925E22C370019BDE9 /* Sources */ = {
			isa = PBXSourcesBuildPhase;
			buildActionMask = 2147483647;
			files = (
				514E87D225E22C370019BDE9 /* Tests_macOS.swift in Sources */,
			);
			runOnlyForDeploymentPostprocessing = 0;
		};
/* End PBXSourcesBuildPhase section */

/* Begin PBXTargetDependency section */
		514E87C425E22C370019BDE9 /* PBXTargetDependency */ = {
			isa = PBXTargetDependency;
			target = 514E87B125E22C370019BDE9 /* Demo (iOS) */;
			targetProxy = 514E87C325E22C370019BDE9 /* PBXContainerItemProxy */;
		};
		514E87CF25E22C370019BDE9 /* PBXTargetDependency */ = {
			isa = PBXTargetDependency;
			target = 514E87B925E22C370019BDE9 /* Demo (macOS) */;
			targetProxy = 514E87CE25E22C370019BDE9 /* PBXContainerItemProxy */;
		};
/* End PBXTargetDependency section */

/* Begin XCBuildConfiguration section */
		514E87DA25E22C370019BDE9 /* Debug */ = {
			isa = XCBuildConfiguration;
			buildSettings = {
				ALWAYS_SEARCH_USER_PATHS = NO;
				CLANG_ANALYZER_NONNULL = YES;
				CLANG_ANALYZER_NUMBER_OBJECT_CONVERSION = YES_AGGRESSIVE;
				CLANG_CXX_LANGUAGE_STANDARD = "gnu++14";
				CLANG_CXX_LIBRARY = "libc++";
				CLANG_ENABLE_MODULES = YES;
				CLANG_ENABLE_OBJC_ARC = YES;
				CLANG_ENABLE_OBJC_WEAK = YES;
				CLANG_WARN_BLOCK_CAPTURE_AUTORELEASING = YES;
				CLANG_WARN_BOOL_CONVERSION = YES;
				CLANG_WARN_COMMA = YES;
				CLANG_WARN_CONSTANT_CONVERSION = YES;
				CLANG_WARN_DEPRECATED_OBJC_IMPLEMENTATIONS = YES;
				CLANG_WARN_DIRECT_OBJC_ISA_USAGE = YES_ERROR;
				CLANG_WARN_DOCUMENTATION_COMMENTS = YES;
				CLANG_WARN_EMPTY_BODY = YES;
				CLANG_WARN_ENUM_CONVERSION = YES;
				CLANG_WARN_INFINITE_RECURSION = YES;
				CLANG_WARN_INT_CONVERSION = YES;
				CLANG_WARN_NON_LITERAL_NULL_CONVERSION = YES;
				CLANG_WARN_OBJC_IMPLICIT_RETAIN_SELF = YES;
				CLANG_WARN_OBJC_LITERAL_CONVERSION = YES;
				CLANG_WARN_OBJC_ROOT_CLASS = YES_ERROR;
				CLANG_WARN_QUOTED_INCLUDE_IN_FRAMEWORK_HEADER = YES;
				CLANG_WARN_RANGE_LOOP_ANALYSIS = YES;
				CLANG_WARN_STRICT_PROTOTYPES = YES;
				CLANG_WARN_SUSPICIOUS_MOVE = YES;
				CLANG_WARN_UNGUARDED_AVAILABILITY = YES_AGGRESSIVE;
				CLANG_WARN_UNREACHABLE_CODE = YES;
				CLANG_WARN__DUPLICATE_METHOD_MATCH = YES;
				COPY_PHASE_STRIP = NO;
				DEBUG_INFORMATION_FORMAT = dwarf;
				ENABLE_STRICT_OBJC_MSGSEND = YES;
				ENABLE_TESTABILITY = YES;
				GCC_C_LANGUAGE_STANDARD = gnu11;
				GCC_DYNAMIC_NO_PIC = NO;
				GCC_NO_COMMON_BLOCKS = YES;
				GCC_OPTIMIZATION_LEVEL = 0;
				GCC_PREPROCESSOR_DEFINITIONS = (
					"DEBUG=1",
					"$(inherited)",
				);
				GCC_WARN_64_TO_32_BIT_CONVERSION = YES;
				GCC_WARN_ABOUT_RETURN_TYPE = YES_ERROR;
				GCC_WARN_UNDECLARED_SELECTOR = YES;
				GCC_WARN_UNINITIALIZED_AUTOS = YES_AGGRESSIVE;
				GCC_WARN_UNUSED_FUNCTION = YES;
				GCC_WARN_UNUSED_VARIABLE = YES;
				MTL_ENABLE_DEBUG_INFO = INCLUDE_SOURCE;
				MTL_FAST_MATH = YES;
				ONLY_ACTIVE_ARCH = YES;
				SWIFT_ACTIVE_COMPILATION_CONDITIONS = DEBUG;
				SWIFT_OPTIMIZATION_LEVEL = "-Onone";
			};
			name = Debug;
		};
		514E87DB25E22C370019BDE9 /* Release */ = {
			isa = XCBuildConfiguration;
			buildSettings = {
				ALWAYS_SEARCH_USER_PATHS = NO;
				CLANG_ANALYZER_NONNULL = YES;
				CLANG_ANALYZER_NUMBER_OBJECT_CONVERSION = YES_AGGRESSIVE;
				CLANG_CXX_LANGUAGE_STANDARD = "gnu++14";
				CLANG_CXX_LIBRARY = "libc++";
				CLANG_ENABLE_MODULES = YES;
				CLANG_ENABLE_OBJC_ARC = YES;
				CLANG_ENABLE_OBJC_WEAK = YES;
				CLANG_WARN_BLOCK_CAPTURE_AUTORELEASING = YES;
				CLANG_WARN_BOOL_CONVERSION = YES;
				CLANG_WARN_COMMA = YES;
				CLANG_WARN_CONSTANT_CONVERSION = YES;
				CLANG_WARN_DEPRECATED_OBJC_IMPLEMENTATIONS = YES;
				CLANG_WARN_DIRECT_OBJC_ISA_USAGE = YES_ERROR;
				CLANG_WARN_DOCUMENTATION_COMMENTS = YES;
				CLANG_WARN_EMPTY_BODY = YES;
				CLANG_WARN_ENUM_CONVERSION = YES;
				CLANG_WARN_INFINITE_RECURSION = YES;
				CLANG_WARN_INT_CONVERSION = YES;
				CLANG_WARN_NON_LITERAL_NULL_CONVERSION = YES;
				CLANG_WARN_OBJC_IMPLICIT_RETAIN_SELF = YES;
				CLANG_WARN_OBJC_LITERAL_CONVERSION = YES;
				CLANG_WARN_OBJC_ROOT_CLASS = YES_ERROR;
				CLANG_WARN_QUOTED_INCLUDE_IN_FRAMEWORK_HEADER = YES;
				CLANG_WARN_RANGE_LOOP_ANALYSIS = YES;
				CLANG_WARN_STRICT_PROTOTYPES = YES;
				CLANG_WARN_SUSPICIOUS_MOVE = YES;
				CLANG_WARN_UNGUARDED_AVAILABILITY = YES_AGGRESSIVE;
				CLANG_WARN_UNREACHABLE_CODE = YES;
				CLANG_WARN__DUPLICATE_METHOD_MATCH = YES;
				COPY_PHASE_STRIP = NO;
				DEBUG_INFORMATION_FORMAT = "dwarf-with-dsym";
				ENABLE_NS_ASSERTIONS = NO;
				ENABLE_STRICT_OBJC_MSGSEND = YES;
				GCC_C_LANGUAGE_STANDARD = gnu11;
				GCC_NO_COMMON_BLOCKS = YES;
				GCC_WARN_64_TO_32_BIT_CONVERSION = YES;
				GCC_WARN_ABOUT_RETURN_TYPE = YES_ERROR;
				GCC_WARN_UNDECLARED_SELECTOR = YES;
				GCC_WARN_UNINITIALIZED_AUTOS = YES_AGGRESSIVE;
				GCC_WARN_UNUSED_FUNCTION = YES;
				GCC_WARN_UNUSED_VARIABLE = YES;
				MTL_ENABLE_DEBUG_INFO = NO;
				MTL_FAST_MATH = YES;
				SWIFT_COMPILATION_MODE = wholemodule;
				SWIFT_OPTIMIZATION_LEVEL = "-O";
			};
			name = Release;
		};
		514E87DD25E22C370019BDE9 /* Debug */ = {
			isa = XCBuildConfiguration;
			buildSettings = {
				ASSETCATALOG_COMPILER_APPICON_NAME = AppIcon;
				ASSETCATALOG_COMPILER_GLOBAL_ACCENT_COLOR_NAME = AccentColor;
				CODE_SIGN_STYLE = Automatic;
				ENABLE_PREVIEWS = YES;
				INFOPLIST_FILE = iOS/Info.plist;
				IPHONEOS_DEPLOYMENT_TARGET = 14.0;
				LD_RUNPATH_SEARCH_PATHS = (
					"$(inherited)",
					"@executable_path/Frameworks",
				);
				PRODUCT_BUNDLE_IDENTIFIER = net.ithinkdiff.Demo;
				PRODUCT_NAME = Demo;
				SDKROOT = iphoneos;
				SWIFT_VERSION = 5.0;
				TARGETED_DEVICE_FAMILY = "1,2";
			};
			name = Debug;
		};
		514E87DE25E22C370019BDE9 /* Release */ = {
			isa = XCBuildConfiguration;
			buildSettings = {
				ASSETCATALOG_COMPILER_APPICON_NAME = AppIcon;
				ASSETCATALOG_COMPILER_GLOBAL_ACCENT_COLOR_NAME = AccentColor;
				CODE_SIGN_STYLE = Automatic;
				ENABLE_PREVIEWS = YES;
				INFOPLIST_FILE = iOS/Info.plist;
				IPHONEOS_DEPLOYMENT_TARGET = 14.0;
				LD_RUNPATH_SEARCH_PATHS = (
					"$(inherited)",
					"@executable_path/Frameworks",
				);
				PRODUCT_BUNDLE_IDENTIFIER = net.ithinkdiff.Demo;
				PRODUCT_NAME = Demo;
				SDKROOT = iphoneos;
				SWIFT_VERSION = 5.0;
				TARGETED_DEVICE_FAMILY = "1,2";
				VALIDATE_PRODUCT = YES;
			};
			name = Release;
		};
		514E87E025E22C370019BDE9 /* Debug */ = {
			isa = XCBuildConfiguration;
			buildSettings = {
				ASSETCATALOG_COMPILER_APPICON_NAME = AppIcon;
				ASSETCATALOG_COMPILER_GLOBAL_ACCENT_COLOR_NAME = AccentColor;
				CODE_SIGN_ENTITLEMENTS = macOS/macOS.entitlements;
				CODE_SIGN_STYLE = Automatic;
				COMBINE_HIDPI_IMAGES = YES;
				ENABLE_PREVIEWS = YES;
				INFOPLIST_FILE = macOS/Info.plist;
				LD_RUNPATH_SEARCH_PATHS = (
					"$(inherited)",
					"@executable_path/../Frameworks",
				);
				MACOSX_DEPLOYMENT_TARGET = 11.0;
				PRODUCT_BUNDLE_IDENTIFIER = net.ithinkdiff.Demo;
				PRODUCT_NAME = Demo;
				SDKROOT = macosx;
				SWIFT_VERSION = 5.0;
			};
			name = Debug;
		};
		514E87E125E22C370019BDE9 /* Release */ = {
			isa = XCBuildConfiguration;
			buildSettings = {
				ASSETCATALOG_COMPILER_APPICON_NAME = AppIcon;
				ASSETCATALOG_COMPILER_GLOBAL_ACCENT_COLOR_NAME = AccentColor;
				CODE_SIGN_ENTITLEMENTS = macOS/macOS.entitlements;
				CODE_SIGN_STYLE = Automatic;
				COMBINE_HIDPI_IMAGES = YES;
				ENABLE_PREVIEWS = YES;
				INFOPLIST_FILE = macOS/Info.plist;
				LD_RUNPATH_SEARCH_PATHS = (
					"$(inherited)",
					"@executable_path/../Frameworks",
				);
				MACOSX_DEPLOYMENT_TARGET = 11.0;
				PRODUCT_BUNDLE_IDENTIFIER = net.ithinkdiff.Demo;
				PRODUCT_NAME = Demo;
				SDKROOT = macosx;
				SWIFT_VERSION = 5.0;
			};
			name = Release;
		};
		514E87E325E22C370019BDE9 /* Debug */ = {
			isa = XCBuildConfiguration;
			buildSettings = {
				ALWAYS_EMBED_SWIFT_STANDARD_LIBRARIES = YES;
				CODE_SIGN_STYLE = Automatic;
				INFOPLIST_FILE = "Tests iOS/Info.plist";
				IPHONEOS_DEPLOYMENT_TARGET = 14.4;
				LD_RUNPATH_SEARCH_PATHS = (
					"$(inherited)",
					"@executable_path/Frameworks",
					"@loader_path/Frameworks",
				);
				PRODUCT_BUNDLE_IDENTIFIER = "net.ithinkdiff.Tests-iOS";
				PRODUCT_NAME = "$(TARGET_NAME)";
				SDKROOT = iphoneos;
				SWIFT_VERSION = 5.0;
				TARGETED_DEVICE_FAMILY = "1,2";
				TEST_TARGET_NAME = "Demo (iOS)";
			};
			name = Debug;
		};
		514E87E425E22C370019BDE9 /* Release */ = {
			isa = XCBuildConfiguration;
			buildSettings = {
				ALWAYS_EMBED_SWIFT_STANDARD_LIBRARIES = YES;
				CODE_SIGN_STYLE = Automatic;
				INFOPLIST_FILE = "Tests iOS/Info.plist";
				IPHONEOS_DEPLOYMENT_TARGET = 14.4;
				LD_RUNPATH_SEARCH_PATHS = (
					"$(inherited)",
					"@executable_path/Frameworks",
					"@loader_path/Frameworks",
				);
				PRODUCT_BUNDLE_IDENTIFIER = "net.ithinkdiff.Tests-iOS";
				PRODUCT_NAME = "$(TARGET_NAME)";
				SDKROOT = iphoneos;
				SWIFT_VERSION = 5.0;
				TARGETED_DEVICE_FAMILY = "1,2";
				TEST_TARGET_NAME = "Demo (iOS)";
				VALIDATE_PRODUCT = YES;
			};
			name = Release;
		};
		514E87E625E22C370019BDE9 /* Debug */ = {
			isa = XCBuildConfiguration;
			buildSettings = {
				ALWAYS_EMBED_SWIFT_STANDARD_LIBRARIES = YES;
				CODE_SIGN_STYLE = Automatic;
				COMBINE_HIDPI_IMAGES = YES;
				INFOPLIST_FILE = "Tests macOS/Info.plist";
				LD_RUNPATH_SEARCH_PATHS = (
					"$(inherited)",
					"@executable_path/../Frameworks",
					"@loader_path/../Frameworks",
				);
				MACOSX_DEPLOYMENT_TARGET = 11.1;
				PRODUCT_BUNDLE_IDENTIFIER = "net.ithinkdiff.Tests-macOS";
				PRODUCT_NAME = "$(TARGET_NAME)";
				SDKROOT = macosx;
				SWIFT_VERSION = 5.0;
				TEST_TARGET_NAME = "Demo (macOS)";
			};
			name = Debug;
		};
		514E87E725E22C370019BDE9 /* Release */ = {
			isa = XCBuildConfiguration;
			buildSettings = {
				ALWAYS_EMBED_SWIFT_STANDARD_LIBRARIES = YES;
				CODE_SIGN_STYLE = Automatic;
				COMBINE_HIDPI_IMAGES = YES;
				INFOPLIST_FILE = "Tests macOS/Info.plist";
				LD_RUNPATH_SEARCH_PATHS = (
					"$(inherited)",
					"@executable_path/../Frameworks",
					"@loader_path/../Frameworks",
				);
				MACOSX_DEPLOYMENT_TARGET = 11.1;
				PRODUCT_BUNDLE_IDENTIFIER = "net.ithinkdiff.Tests-macOS";
				PRODUCT_NAME = "$(TARGET_NAME)";
				SDKROOT = macosx;
				SWIFT_VERSION = 5.0;
				TEST_TARGET_NAME = "Demo (macOS)";
			};
			name = Release;
		};
/* End XCBuildConfiguration section */

/* Begin XCConfigurationList section */
		514E87A925E22C340019BDE9 /* Build configuration list for PBXProject "Demo" */ = {
			isa = XCConfigurationList;
			buildConfigurations = (
				514E87DA25E22C370019BDE9 /* Debug */,
				514E87DB25E22C370019BDE9 /* Release */,
			);
			defaultConfigurationIsVisible = 0;
			defaultConfigurationName = Release;
		};
		514E87DC25E22C370019BDE9 /* Build configuration list for PBXNativeTarget "Demo (iOS)" */ = {
			isa = XCConfigurationList;
			buildConfigurations = (
				514E87DD25E22C370019BDE9 /* Debug */,
				514E87DE25E22C370019BDE9 /* Release */,
			);
			defaultConfigurationIsVisible = 0;
			defaultConfigurationName = Release;
		};
		514E87DF25E22C370019BDE9 /* Build configuration list for PBXNativeTarget "Demo (macOS)" */ = {
			isa = XCConfigurationList;
			buildConfigurations = (
				514E87E025E22C370019BDE9 /* Debug */,
				514E87E125E22C370019BDE9 /* Release */,
			);
			defaultConfigurationIsVisible = 0;
			defaultConfigurationName = Release;
		};
		514E87E225E22C370019BDE9 /* Build configuration list for PBXNativeTarget "Tests iOS" */ = {
			isa = XCConfigurationList;
			buildConfigurations = (
				514E87E325E22C370019BDE9 /* Debug */,
				514E87E425E22C370019BDE9 /* Release */,
			);
			defaultConfigurationIsVisible = 0;
			defaultConfigurationName = Release;
		};
		514E87E525E22C370019BDE9 /* Build configuration list for PBXNativeTarget "Tests macOS" */ = {
			isa = XCConfigurationList;
			buildConfigurations = (
				514E87E625E22C370019BDE9 /* Debug */,
				514E87E725E22C370019BDE9 /* Release */,
			);
			defaultConfigurationIsVisible = 0;
			defaultConfigurationName = Release;
		};
/* End XCConfigurationList section */
	};
	rootObject = 514E87A625E22C340019BDE9 /* Project object */;
}
